// !$*UTF8*$!
{
	archiveVersion = 1;
	classes = {
	};
	objectVersion = 56;
	objects = {

/* Begin PBXBuildFile section */
		43D47F2128F6EE2A006235B0 /* AppDelegate.swift in Sources */ = {isa = PBXBuildFile; fileRef = 43D47F2028F6EE2A006235B0 /* AppDelegate.swift */; };
		43D47F2328F6EE2A006235B0 /* SceneDelegate.swift in Sources */ = {isa = PBXBuildFile; fileRef = 43D47F2228F6EE2A006235B0 /* SceneDelegate.swift */; };
		43D47F2528F6EE2A006235B0 /* AuthViewController.swift in Sources */ = {isa = PBXBuildFile; fileRef = 43D47F2428F6EE2A006235B0 /* AuthViewController.swift */; };
		43D47F2A28F6EE2C006235B0 /* Assets.xcassets in Resources */ = {isa = PBXBuildFile; fileRef = 43D47F2928F6EE2C006235B0 /* Assets.xcassets */; };
		43D47F2D28F6EE2C006235B0 /* LaunchScreen.storyboard in Resources */ = {isa = PBXBuildFile; fileRef = 43D47F2B28F6EE2C006235B0 /* LaunchScreen.storyboard */; };
		43D47F7528F703AF006235B0 /* UIButton + Extension.swift in Sources */ = {isa = PBXBuildFile; fileRef = 43D47F7428F703AF006235B0 /* UIButton + Extension.swift */; };
		43D47F7728F70682006235B0 /* UIFont + Extension.swift in Sources */ = {isa = PBXBuildFile; fileRef = 43D47F7628F70682006235B0 /* UIFont + Extension.swift */; };
		43D47F9928F70AF4006235B0 /* UIColor + Extension.swift in Sources */ = {isa = PBXBuildFile; fileRef = 43D47F9828F70AF4006235B0 /* UIColor + Extension.swift */; };
		43D47F9B28F71153006235B0 /* UILabel + Extension.swift in Sources */ = {isa = PBXBuildFile; fileRef = 43D47F9A28F71153006235B0 /* UILabel + Extension.swift */; };
		43D47F9D28F7137D006235B0 /* UIImageView + Extension.swift in Sources */ = {isa = PBXBuildFile; fileRef = 43D47F9C28F7137D006235B0 /* UIImageView + Extension.swift */; };
/* End PBXBuildFile section */

/* Begin PBXFileReference section */
		43D47F1D28F6EE2A006235B0 /* inSociety.app */ = {isa = PBXFileReference; explicitFileType = wrapper.application; includeInIndex = 0; path = inSociety.app; sourceTree = BUILT_PRODUCTS_DIR; };
		43D47F2028F6EE2A006235B0 /* AppDelegate.swift */ = {isa = PBXFileReference; lastKnownFileType = sourcecode.swift; path = AppDelegate.swift; sourceTree = "<group>"; };
		43D47F2228F6EE2A006235B0 /* SceneDelegate.swift */ = {isa = PBXFileReference; lastKnownFileType = sourcecode.swift; path = SceneDelegate.swift; sourceTree = "<group>"; };
		43D47F2428F6EE2A006235B0 /* AuthViewController.swift */ = {isa = PBXFileReference; lastKnownFileType = sourcecode.swift; path = AuthViewController.swift; sourceTree = "<group>"; };
		43D47F2928F6EE2C006235B0 /* Assets.xcassets */ = {isa = PBXFileReference; lastKnownFileType = folder.assetcatalog; path = Assets.xcassets; sourceTree = "<group>"; };
		43D47F2C28F6EE2C006235B0 /* Base */ = {isa = PBXFileReference; lastKnownFileType = file.storyboard; name = Base; path = Base.lproj/LaunchScreen.storyboard; sourceTree = "<group>"; };
		43D47F2E28F6EE2C006235B0 /* Info.plist */ = {isa = PBXFileReference; lastKnownFileType = text.plist.xml; path = Info.plist; sourceTree = "<group>"; };
		43D47F7428F703AF006235B0 /* UIButton + Extension.swift */ = {isa = PBXFileReference; lastKnownFileType = sourcecode.swift; path = "UIButton + Extension.swift"; sourceTree = "<group>"; };
		43D47F7628F70682006235B0 /* UIFont + Extension.swift */ = {isa = PBXFileReference; lastKnownFileType = sourcecode.swift; path = "UIFont + Extension.swift"; sourceTree = "<group>"; };
		43D47F9828F70AF4006235B0 /* UIColor + Extension.swift */ = {isa = PBXFileReference; lastKnownFileType = sourcecode.swift; path = "UIColor + Extension.swift"; sourceTree = "<group>"; };
		43D47F9A28F71153006235B0 /* UILabel + Extension.swift */ = {isa = PBXFileReference; lastKnownFileType = sourcecode.swift; path = "UILabel + Extension.swift"; sourceTree = "<group>"; };
		43D47F9C28F7137D006235B0 /* UIImageView + Extension.swift */ = {isa = PBXFileReference; lastKnownFileType = sourcecode.swift; path = "UIImageView + Extension.swift"; sourceTree = "<group>"; };
/* End PBXFileReference section */

/* Begin PBXFrameworksBuildPhase section */
		43D47F1A28F6EE2A006235B0 /* Frameworks */ = {
			isa = PBXFrameworksBuildPhase;
			buildActionMask = 2147483647;
			files = (
			);
			runOnlyForDeploymentPostprocessing = 0;
		};
/* End PBXFrameworksBuildPhase section */

/* Begin PBXGroup section */
		43D47F1428F6EE2A006235B0 = {
			isa = PBXGroup;
			children = (
				43D47F1F28F6EE2A006235B0 /* inSociety */,
				43D47F1E28F6EE2A006235B0 /* Products */,
			);
			sourceTree = "<group>";
		};
		43D47F1E28F6EE2A006235B0 /* Products */ = {
			isa = PBXGroup;
			children = (
				43D47F1D28F6EE2A006235B0 /* inSociety.app */,
			);
			name = Products;
			sourceTree = "<group>";
		};
		43D47F1F28F6EE2A006235B0 /* inSociety */ = {
			isa = PBXGroup;
			children = (
				43D47F2028F6EE2A006235B0 /* AppDelegate.swift */,
				43D47F2228F6EE2A006235B0 /* SceneDelegate.swift */,
				43D47F2428F6EE2A006235B0 /* AuthViewController.swift */,
				43D47F9A28F71153006235B0 /* UILabel + Extension.swift */,
				43D47F7428F703AF006235B0 /* UIButton + Extension.swift */,
				43D47F7628F70682006235B0 /* UIFont + Extension.swift */,
				43D47F9828F70AF4006235B0 /* UIColor + Extension.swift */,
				43D47F9C28F7137D006235B0 /* UIImageView + Extension.swift */,
				43D47F2928F6EE2C006235B0 /* Assets.xcassets */,
				43D47F2B28F6EE2C006235B0 /* LaunchScreen.storyboard */,
				43D47F2E28F6EE2C006235B0 /* Info.plist */,
			);
			path = inSociety;
			sourceTree = "<group>";
		};
/* End PBXGroup section */

/* Begin PBXNativeTarget section */
		43D47F1C28F6EE2A006235B0 /* inSociety */ = {
			isa = PBXNativeTarget;
			buildConfigurationList = 43D47F3128F6EE2C006235B0 /* Build configuration list for PBXNativeTarget "inSociety" */;
			buildPhases = (
				43D47F1928F6EE2A006235B0 /* Sources */,
				43D47F1A28F6EE2A006235B0 /* Frameworks */,
				43D47F1B28F6EE2A006235B0 /* Resources */,
			);
			buildRules = (
			);
			dependencies = (
			);
			name = inSociety;
			productName = inSociety;
			productReference = 43D47F1D28F6EE2A006235B0 /* inSociety.app */;
			productType = "com.apple.product-type.application";
		};
/* End PBXNativeTarget section */

/* Begin PBXProject section */
		43D47F1528F6EE2A006235B0 /* Project object */ = {
			isa = PBXProject;
			attributes = {
				BuildIndependentTargetsInParallel = 1;
				LastSwiftUpdateCheck = 1400;
				LastUpgradeCheck = 1400;
				TargetAttributes = {
					43D47F1C28F6EE2A006235B0 = {
						CreatedOnToolsVersion = 14.0.1;
					};
				};
			};
			buildConfigurationList = 43D47F1828F6EE2A006235B0 /* Build configuration list for PBXProject "inSociety" */;
			compatibilityVersion = "Xcode 14.0";
			developmentRegion = en;
			hasScannedForEncodings = 0;
			knownRegions = (
				en,
				Base,
			);
			mainGroup = 43D47F1428F6EE2A006235B0;
			productRefGroup = 43D47F1E28F6EE2A006235B0 /* Products */;
			projectDirPath = "";
			projectRoot = "";
			targets = (
				43D47F1C28F6EE2A006235B0 /* inSociety */,
			);
		};
/* End PBXProject section */

/* Begin PBXResourcesBuildPhase section */
		43D47F1B28F6EE2A006235B0 /* Resources */ = {
			isa = PBXResourcesBuildPhase;
			buildActionMask = 2147483647;
			files = (
				43D47F2D28F6EE2C006235B0 /* LaunchScreen.storyboard in Resources */,
				43D47F2A28F6EE2C006235B0 /* Assets.xcassets in Resources */,
			);
			runOnlyForDeploymentPostprocessing = 0;
		};
/* End PBXResourcesBuildPhase section */

/* Begin PBXSourcesBuildPhase section */
		43D47F1928F6EE2A006235B0 /* Sources */ = {
			isa = PBXSourcesBuildPhase;
			buildActionMask = 2147483647;
			files = (
				43D47F7728F70682006235B0 /* UIFont + Extension.swift in Sources */,
				43D47F2528F6EE2A006235B0 /* AuthViewController.swift in Sources */,
				43D47F2128F6EE2A006235B0 /* AppDelegate.swift in Sources */,
				43D47F9B28F71153006235B0 /* UILabel + Extension.swift in Sources */,
				43D47F9D28F7137D006235B0 /* UIImageView + Extension.swift in Sources */,
				43D47F9928F70AF4006235B0 /* UIColor + Extension.swift in Sources */,
				43D47F2328F6EE2A006235B0 /* SceneDelegate.swift in Sources */,
				43D47F7528F703AF006235B0 /* UIButton + Extension.swift in Sources */,
			);
			runOnlyForDeploymentPostprocessing = 0;
		};
/* End PBXSourcesBuildPhase section */

/* Begin PBXVariantGroup section */
		43D47F2B28F6EE2C006235B0 /* LaunchScreen.storyboard */ = {
			isa = PBXVariantGroup;
			children = (
				43D47F2C28F6EE2C006235B0 /* Base */,
			);
			name = LaunchScreen.storyboard;
			sourceTree = "<group>";
		};
/* End PBXVariantGroup section */

/* Begin XCBuildConfiguration section */
		43D47F2F28F6EE2C006235B0 /* Debug */ = {
			isa = XCBuildConfiguration;
			buildSettings = {
				ALWAYS_SEARCH_USER_PATHS = NO;
				CLANG_ANALYZER_NONNULL = YES;
				CLANG_ANALYZER_NUMBER_OBJECT_CONVERSION = YES_AGGRESSIVE;
				CLANG_CXX_LANGUAGE_STANDARD = "gnu++20";
				CLANG_ENABLE_MODULES = YES;
				CLANG_ENABLE_OBJC_ARC = YES;
				CLANG_ENABLE_OBJC_WEAK = YES;
				CLANG_WARN_BLOCK_CAPTURE_AUTORELEASING = YES;
				CLANG_WARN_BOOL_CONVERSION = YES;
				CLANG_WARN_COMMA = YES;
				CLANG_WARN_CONSTANT_CONVERSION = YES;
				CLANG_WARN_DEPRECATED_OBJC_IMPLEMENTATIONS = YES;
				CLANG_WARN_DIRECT_OBJC_ISA_USAGE = YES_ERROR;
				CLANG_WARN_DOCUMENTATION_COMMENTS = YES;
				CLANG_WARN_EMPTY_BODY = YES;
				CLANG_WARN_ENUM_CONVERSION = YES;
				CLANG_WARN_INFINITE_RECURSION = YES;
				CLANG_WARN_INT_CONVERSION = YES;
				CLANG_WARN_NON_LITERAL_NULL_CONVERSION = YES;
				CLANG_WARN_OBJC_IMPLICIT_RETAIN_SELF = YES;
				CLANG_WARN_OBJC_LITERAL_CONVERSION = YES;
				CLANG_WARN_OBJC_ROOT_CLASS = YES_ERROR;
				CLANG_WARN_QUOTED_INCLUDE_IN_FRAMEWORK_HEADER = YES;
				CLANG_WARN_RANGE_LOOP_ANALYSIS = YES;
				CLANG_WARN_STRICT_PROTOTYPES = YES;
				CLANG_WARN_SUSPICIOUS_MOVE = YES;
				CLANG_WARN_UNGUARDED_AVAILABILITY = YES_AGGRESSIVE;
				CLANG_WARN_UNREACHABLE_CODE = YES;
				CLANG_WARN__DUPLICATE_METHOD_MATCH = YES;
				COPY_PHASE_STRIP = NO;
				DEBUG_INFORMATION_FORMAT = dwarf;
				ENABLE_STRICT_OBJC_MSGSEND = YES;
				ENABLE_TESTABILITY = YES;
				GCC_C_LANGUAGE_STANDARD = gnu11;
				GCC_DYNAMIC_NO_PIC = NO;
				GCC_NO_COMMON_BLOCKS = YES;
				GCC_OPTIMIZATION_LEVEL = 0;
				GCC_PREPROCESSOR_DEFINITIONS = (
					"DEBUG=1",
					"$(inherited)",
				);
				GCC_WARN_64_TO_32_BIT_CONVERSION = YES;
				GCC_WARN_ABOUT_RETURN_TYPE = YES_ERROR;
				GCC_WARN_UNDECLARED_SELECTOR = YES;
				GCC_WARN_UNINITIALIZED_AUTOS = YES_AGGRESSIVE;
				GCC_WARN_UNUSED_FUNCTION = YES;
				GCC_WARN_UNUSED_VARIABLE = YES;
				IPHONEOS_DEPLOYMENT_TARGET = 16.0;
				MTL_ENABLE_DEBUG_INFO = INCLUDE_SOURCE;
				MTL_FAST_MATH = YES;
				ONLY_ACTIVE_ARCH = YES;
				SDKROOT = iphoneos;
				SWIFT_ACTIVE_COMPILATION_CONDITIONS = DEBUG;
				SWIFT_OPTIMIZATION_LEVEL = "-Onone";
			};
			name = Debug;
		};
		43D47F3028F6EE2C006235B0 /* Release */ = {
			isa = XCBuildConfiguration;
			buildSettings = {
				ALWAYS_SEARCH_USER_PATHS = NO;
				CLANG_ANALYZER_NONNULL = YES;
				CLANG_ANALYZER_NUMBER_OBJECT_CONVERSION = YES_AGGRESSIVE;
				CLANG_CXX_LANGUAGE_STANDARD = "gnu++20";
				CLANG_ENABLE_MODULES = YES;
				CLANG_ENABLE_OBJC_ARC = YES;
				CLANG_ENABLE_OBJC_WEAK = YES;
				CLANG_WARN_BLOCK_CAPTURE_AUTORELEASING = YES;
				CLANG_WARN_BOOL_CONVERSION = YES;
				CLANG_WARN_COMMA = YES;
				CLANG_WARN_CONSTANT_CONVERSION = YES;
				CLANG_WARN_DEPRECATED_OBJC_IMPLEMENTATIONS = YES;
				CLANG_WARN_DIRECT_OBJC_ISA_USAGE = YES_ERROR;
				CLANG_WARN_DOCUMENTATION_COMMENTS = YES;
				CLANG_WARN_EMPTY_BODY = YES;
				CLANG_WARN_ENUM_CONVERSION = YES;
				CLANG_WARN_INFINITE_RECURSION = YES;
				CLANG_WARN_INT_CONVERSION = YES;
				CLANG_WARN_NON_LITERAL_NULL_CONVERSION = YES;
				CLANG_WARN_OBJC_IMPLICIT_RETAIN_SELF = YES;
				CLANG_WARN_OBJC_LITERAL_CONVERSION = YES;
				CLANG_WARN_OBJC_ROOT_CLASS = YES_ERROR;
				CLANG_WARN_QUOTED_INCLUDE_IN_FRAMEWORK_HEADER = YES;
				CLANG_WARN_RANGE_LOOP_ANALYSIS = YES;
				CLANG_WARN_STRICT_PROTOTYPES = YES;
				CLANG_WARN_SUSPICIOUS_MOVE = YES;
				CLANG_WARN_UNGUARDED_AVAILABILITY = YES_AGGRESSIVE;
				CLANG_WARN_UNREACHABLE_CODE = YES;
				CLANG_WARN__DUPLICATE_METHOD_MATCH = YES;
				COPY_PHASE_STRIP = NO;
				DEBUG_INFORMATION_FORMAT = "dwarf-with-dsym";
				ENABLE_NS_ASSERTIONS = NO;
				ENABLE_STRICT_OBJC_MSGSEND = YES;
				GCC_C_LANGUAGE_STANDARD = gnu11;
				GCC_NO_COMMON_BLOCKS = YES;
				GCC_WARN_64_TO_32_BIT_CONVERSION = YES;
				GCC_WARN_ABOUT_RETURN_TYPE = YES_ERROR;
				GCC_WARN_UNDECLARED_SELECTOR = YES;
				GCC_WARN_UNINITIALIZED_AUTOS = YES_AGGRESSIVE;
				GCC_WARN_UNUSED_FUNCTION = YES;
				GCC_WARN_UNUSED_VARIABLE = YES;
				IPHONEOS_DEPLOYMENT_TARGET = 16.0;
				MTL_ENABLE_DEBUG_INFO = NO;
				MTL_FAST_MATH = YES;
				SDKROOT = iphoneos;
				SWIFT_COMPILATION_MODE = wholemodule;
				SWIFT_OPTIMIZATION_LEVEL = "-O";
				VALIDATE_PRODUCT = YES;
			};
			name = Release;
		};
		43D47F3228F6EE2C006235B0 /* Debug */ = {
			isa = XCBuildConfiguration;
			buildSettings = {
				ASSETCATALOG_COMPILER_APPICON_NAME = AppIcon;
				ASSETCATALOG_COMPILER_GLOBAL_ACCENT_COLOR_NAME = AccentColor;
				CODE_SIGN_STYLE = Automatic;
				CURRENT_PROJECT_VERSION = 1;
				DEVELOPMENT_TEAM = 8D62X6RVHH;
				GENERATE_INFOPLIST_FILE = YES;
				INFOPLIST_FILE = inSociety/Info.plist;
				INFOPLIST_KEY_UIApplicationSupportsIndirectInputEvents = YES;
				INFOPLIST_KEY_UILaunchStoryboardName = LaunchScreen;
				INFOPLIST_KEY_UISupportedInterfaceOrientations_iPad = "UIInterfaceOrientationPortrait UIInterfaceOrientationPortraitUpsideDown UIInterfaceOrientationLandscapeLeft UIInterfaceOrientationLandscapeRight";
				INFOPLIST_KEY_UISupportedInterfaceOrientations_iPhone = "UIInterfaceOrientationPortrait UIInterfaceOrientationLandscapeLeft UIInterfaceOrientationLandscapeRight";
				LD_RUNPATH_SEARCH_PATHS = (
					"$(inherited)",
					"@executable_path/Frameworks",
				);
				MARKETING_VERSION = 1.0;
				PRODUCT_BUNDLE_IDENTIFIER = "aleksey-libin.inSociety";
				PRODUCT_NAME = "$(TARGET_NAME)";
				SWIFT_EMIT_LOC_STRINGS = YES;
				SWIFT_VERSION = 5.0;
				TARGETED_DEVICE_FAMILY = "1,2";
			};
			name = Debug;
		};
		43D47F3328F6EE2C006235B0 /* Release */ = {
			isa = XCBuildConfiguration;
			buildSettings = {
				ASSETCATALOG_COMPILER_APPICON_NAME = AppIcon;
				ASSETCATALOG_COMPILER_GLOBAL_ACCENT_COLOR_NAME = AccentColor;
				CODE_SIGN_STYLE = Automatic;
				CURRENT_PROJECT_VERSION = 1;
				DEVELOPMENT_TEAM = 8D62X6RVHH;
				GENERATE_INFOPLIST_FILE = YES;
				INFOPLIST_FILE = inSociety/Info.plist;
				INFOPLIST_KEY_UIApplicationSupportsIndirectInputEvents = YES;
				INFOPLIST_KEY_UILaunchStoryboardName = LaunchScreen;
				INFOPLIST_KEY_UISupportedInterfaceOrientations_iPad = "UIInterfaceOrientationPortrait UIInterfaceOrientationPortraitUpsideDown UIInterfaceOrientationLandscapeLeft UIInterfaceOrientationLandscapeRight";
				INFOPLIST_KEY_UISupportedInterfaceOrientations_iPhone = "UIInterfaceOrientationPortrait UIInterfaceOrientationLandscapeLeft UIInterfaceOrientationLandscapeRight";
				LD_RUNPATH_SEARCH_PATHS = (
					"$(inherited)",
					"@executable_path/Frameworks",
				);
				MARKETING_VERSION = 1.0;
				PRODUCT_BUNDLE_IDENTIFIER = "aleksey-libin.inSociety";
				PRODUCT_NAME = "$(TARGET_NAME)";
				SWIFT_EMIT_LOC_STRINGS = YES;
				SWIFT_VERSION = 5.0;
				TARGETED_DEVICE_FAMILY = "1,2";
			};
			name = Release;
		};
/* End XCBuildConfiguration section */

/* Begin XCConfigurationList section */
		43D47F1828F6EE2A006235B0 /* Build configuration list for PBXProject "inSociety" */ = {
			isa = XCConfigurationList;
			buildConfigurations = (
				43D47F2F28F6EE2C006235B0 /* Debug */,
				43D47F3028F6EE2C006235B0 /* Release */,
			);
			defaultConfigurationIsVisible = 0;
			defaultConfigurationName = Release;
		};
		43D47F3128F6EE2C006235B0 /* Build configuration list for PBXNativeTarget "inSociety" */ = {
			isa = XCConfigurationList;
			buildConfigurations = (
				43D47F3228F6EE2C006235B0 /* Debug */,
				43D47F3328F6EE2C006235B0 /* Release */,
			);
			defaultConfigurationIsVisible = 0;
			defaultConfigurationName = Release;
		};
/* End XCConfigurationList section */
	};
	rootObject = 43D47F1528F6EE2A006235B0 /* Project object */;
}
