// !$*UTF8*$!
{
	archiveVersion = 1;
	classes = {
	};
	objectVersion = 56;
	objects = {

/* Begin PBXBuildFile section */
		43112A592900165000E8345A /* GoogleService-Info.plist in Resources */ = {isa = PBXBuildFile; fileRef = 43112A582900165000E8345A /* GoogleService-Info.plist */; };
		43112A5C2900215F00E8345A /* AuthService.swift in Sources */ = {isa = PBXBuildFile; fileRef = 43112A5B2900215F00E8345A /* AuthService.swift */; };
		43112A5E29003D9300E8345A /* AuthNavigationDelegate.swift in Sources */ = {isa = PBXBuildFile; fileRef = 43112A5D29003D9300E8345A /* AuthNavigationDelegate.swift */; };
		436691CE28FDE14200B729D8 /* UIImageView + Extension.swift in Sources */ = {isa = PBXBuildFile; fileRef = 436691CC28FDE14200B729D8 /* UIImageView + Extension.swift */; };
		436691CF28FDE14200B729D8 /* UIColor + Extension.swift in Sources */ = {isa = PBXBuildFile; fileRef = 436691C728FDE14200B729D8 /* UIColor + Extension.swift */; };
		436691D028FDE14200B729D8 /* UIFont + Extension.swift in Sources */ = {isa = PBXBuildFile; fileRef = 436691C928FDE14200B729D8 /* UIFont + Extension.swift */; };
		436691D128FDE14200B729D8 /* UIButton + Extension.swift in Sources */ = {isa = PBXBuildFile; fileRef = 436691CA28FDE14200B729D8 /* UIButton + Extension.swift */; };
		436691D228FDE14200B729D8 /* UILabel + Extension.swift in Sources */ = {isa = PBXBuildFile; fileRef = 436691CB28FDE14200B729D8 /* UILabel + Extension.swift */; };
		436691D328FDE14200B729D8 /* UIStackView + Extension.swift in Sources */ = {isa = PBXBuildFile; fileRef = 436691C828FDE14200B729D8 /* UIStackView + Extension.swift */; };
		436691D428FDE14200B729D8 /* SegmentedControl + Extension.swift in Sources */ = {isa = PBXBuildFile; fileRef = 436691CD28FDE14200B729D8 /* SegmentedControl + Extension.swift */; };
		436691D628FDE1F600B729D8 /* ActiveChats.json in Resources */ = {isa = PBXBuildFile; fileRef = 436691D528FDE1F600B729D8 /* ActiveChats.json */; };
		436841F028FDC97E00DE7600 /* Bundle-Decodable.swift in Sources */ = {isa = PBXBuildFile; fileRef = 436841EF28FDC97E00DE7600 /* Bundle-Decodable.swift */; };
		43689FAD290180F0008A6AC8 /* Validator.swift in Sources */ = {isa = PBXBuildFile; fileRef = 43689FAC290180F0008A6AC8 /* Validator.swift */; };
		43689FAF290181BB008A6AC8 /* AuthError.swift in Sources */ = {isa = PBXBuildFile; fileRef = 43689FAE290181BB008A6AC8 /* AuthError.swift */; };
		4372912828FDEAF900781327 /* WaitingChats.json in Resources */ = {isa = PBXBuildFile; fileRef = 4372912728FDEAF900781327 /* WaitingChats.json */; };
		4372912B28FDF92200781327 /* ActiveChatCell.swift in Sources */ = {isa = PBXBuildFile; fileRef = 4372912A28FDF92200781327 /* ActiveChatCell.swift */; };
		4372912D28FDF92C00781327 /* WaitingChatCell.swift in Sources */ = {isa = PBXBuildFile; fileRef = 4372912C28FDF92C00781327 /* WaitingChatCell.swift */; };
		43974D0828F97F6A00A5C426 /* ListViewController.swift in Sources */ = {isa = PBXBuildFile; fileRef = 43974D0728F97F6A00A5C426 /* ListViewController.swift */; };
		43974D0B28F9842B00A5C426 /* PeopleViewController.swift in Sources */ = {isa = PBXBuildFile; fileRef = 43974D0A28F9842B00A5C426 /* PeopleViewController.swift */; };
		43974D0D28F9844400A5C426 /* MainTabBarController.swift in Sources */ = {isa = PBXBuildFile; fileRef = 43974D0C28F9844400A5C426 /* MainTabBarController.swift */; };
		4397B88F2902E70200ADDD03 /* UserError.swift in Sources */ = {isa = PBXBuildFile; fileRef = 4397B88E2902E70200ADDD03 /* UserError.swift */; };
		43A008F22902B19200C7F563 /* FirestoreService.swift in Sources */ = {isa = PBXBuildFile; fileRef = 43A008F12902B19200C7F563 /* FirestoreService.swift */; };
		43D47F2128F6EE2A006235B0 /* AppDelegate.swift in Sources */ = {isa = PBXBuildFile; fileRef = 43D47F2028F6EE2A006235B0 /* AppDelegate.swift */; };
		43D47F2328F6EE2A006235B0 /* SceneDelegate.swift in Sources */ = {isa = PBXBuildFile; fileRef = 43D47F2228F6EE2A006235B0 /* SceneDelegate.swift */; };
		43D47F2528F6EE2A006235B0 /* AuthViewController.swift in Sources */ = {isa = PBXBuildFile; fileRef = 43D47F2428F6EE2A006235B0 /* AuthViewController.swift */; };
		43D47F2A28F6EE2C006235B0 /* Assets.xcassets in Resources */ = {isa = PBXBuildFile; fileRef = 43D47F2928F6EE2C006235B0 /* Assets.xcassets */; };
		43D47F2D28F6EE2C006235B0 /* LaunchScreen.storyboard in Resources */ = {isa = PBXBuildFile; fileRef = 43D47F2B28F6EE2C006235B0 /* LaunchScreen.storyboard */; };
		43D47FA128F73C7C006235B0 /* LabelButtonView.swift in Sources */ = {isa = PBXBuildFile; fileRef = 43D47FA028F73C7C006235B0 /* LabelButtonView.swift */; };
		43D81A4228FEC0EF00A006AC /* SelfConfigurigCell.swift in Sources */ = {isa = PBXBuildFile; fileRef = 43D81A4128FEC0EF00A006AC /* SelfConfigurigCell.swift */; };
		43D81A4528FECD6500A006AC /* SectionHeader.swift in Sources */ = {isa = PBXBuildFile; fileRef = 43D81A4428FECD6500A006AC /* SectionHeader.swift */; };
		43D81A4828FED81A00A006AC /* Users.json in Resources */ = {isa = PBXBuildFile; fileRef = 43D81A4728FED81A00A006AC /* Users.json */; };
		43D81A4A28FED9FF00A006AC /* ActiveChatModel.swift in Sources */ = {isa = PBXBuildFile; fileRef = 43D81A4928FED9FF00A006AC /* ActiveChatModel.swift */; };
		43D81A4C28FEDA8300A006AC /* UserModel.swift in Sources */ = {isa = PBXBuildFile; fileRef = 43D81A4B28FEDA8300A006AC /* UserModel.swift */; };
		43D81A4F28FEFA0800A006AC /* UserCell.swift in Sources */ = {isa = PBXBuildFile; fileRef = 43D81A4E28FEFA0800A006AC /* UserCell.swift */; };
		43D81A5128FEFC1800A006AC /* UIViewController + Extension.swift in Sources */ = {isa = PBXBuildFile; fileRef = 43D81A5028FEFC1800A006AC /* UIViewController + Extension.swift */; };
		43D81A5328FF1B2800A006AC /* ProfileViewController.swift in Sources */ = {isa = PBXBuildFile; fileRef = 43D81A5228FF1B2800A006AC /* ProfileViewController.swift */; };
		43D81A5528FF270700A006AC /* SendMessageTextField.swift in Sources */ = {isa = PBXBuildFile; fileRef = 43D81A5428FF270700A006AC /* SendMessageTextField.swift */; };
		43D81A5728FF42B800A006AC /* ChatRequestViewController.swift in Sources */ = {isa = PBXBuildFile; fileRef = 43D81A5628FF42B800A006AC /* ChatRequestViewController.swift */; };
		43DDF94228F8B45B007E2DF5 /* SetupProfileViewController.swift in Sources */ = {isa = PBXBuildFile; fileRef = 43DDF94128F8B45B007E2DF5 /* SetupProfileViewController.swift */; };
		43DDF94428F8BEA3007E2DF5 /* AddPhotoView.swift in Sources */ = {isa = PBXBuildFile; fileRef = 43DDF94328F8BEA3007E2DF5 /* AddPhotoView.swift */; };
		43F2F22228F83A47004F6604 /* SignUpViewController.swift in Sources */ = {isa = PBXBuildFile; fileRef = 43F2F22128F83A47004F6604 /* SignUpViewController.swift */; };
		43F2F22428F8459E004F6604 /* UnderlinedTextField.swift in Sources */ = {isa = PBXBuildFile; fileRef = 43F2F22328F8459E004F6604 /* UnderlinedTextField.swift */; };
		43F2F22828F86C6A004F6604 /* LoginViewController.swift in Sources */ = {isa = PBXBuildFile; fileRef = 43F2F22728F86C6A004F6604 /* LoginViewController.swift */; };
		F18F1C8DE70510430F23CC44 /* Pods_inSociety.framework in Frameworks */ = {isa = PBXBuildFile; fileRef = 3F707CF683B7660DB9EADC3E /* Pods_inSociety.framework */; };
/* End PBXBuildFile section */

/* Begin PBXFileReference section */
		0E5BEB44D1453448328E080B /* Pods-inSociety.debug.xcconfig */ = {isa = PBXFileReference; includeInIndex = 1; lastKnownFileType = text.xcconfig; name = "Pods-inSociety.debug.xcconfig"; path = "Target Support Files/Pods-inSociety/Pods-inSociety.debug.xcconfig"; sourceTree = "<group>"; };
		3F707CF683B7660DB9EADC3E /* Pods_inSociety.framework */ = {isa = PBXFileReference; explicitFileType = wrapper.framework; includeInIndex = 0; path = Pods_inSociety.framework; sourceTree = BUILT_PRODUCTS_DIR; };
		43112A582900165000E8345A /* GoogleService-Info.plist */ = {isa = PBXFileReference; fileEncoding = 4; lastKnownFileType = text.plist.xml; path = "GoogleService-Info.plist"; sourceTree = "<group>"; };
		43112A5B2900215F00E8345A /* AuthService.swift */ = {isa = PBXFileReference; lastKnownFileType = sourcecode.swift; path = AuthService.swift; sourceTree = "<group>"; };
		43112A5D29003D9300E8345A /* AuthNavigationDelegate.swift */ = {isa = PBXFileReference; lastKnownFileType = sourcecode.swift; path = AuthNavigationDelegate.swift; sourceTree = "<group>"; };
		436691C728FDE14200B729D8 /* UIColor + Extension.swift */ = {isa = PBXFileReference; lastKnownFileType = sourcecode.swift; path = "UIColor + Extension.swift"; sourceTree = "<group>"; };
		436691C828FDE14200B729D8 /* UIStackView + Extension.swift */ = {isa = PBXFileReference; lastKnownFileType = sourcecode.swift; path = "UIStackView + Extension.swift"; sourceTree = "<group>"; };
		436691C928FDE14200B729D8 /* UIFont + Extension.swift */ = {isa = PBXFileReference; lastKnownFileType = sourcecode.swift; path = "UIFont + Extension.swift"; sourceTree = "<group>"; };
		436691CA28FDE14200B729D8 /* UIButton + Extension.swift */ = {isa = PBXFileReference; lastKnownFileType = sourcecode.swift; path = "UIButton + Extension.swift"; sourceTree = "<group>"; };
		436691CB28FDE14200B729D8 /* UILabel + Extension.swift */ = {isa = PBXFileReference; lastKnownFileType = sourcecode.swift; path = "UILabel + Extension.swift"; sourceTree = "<group>"; };
		436691CC28FDE14200B729D8 /* UIImageView + Extension.swift */ = {isa = PBXFileReference; lastKnownFileType = sourcecode.swift; path = "UIImageView + Extension.swift"; sourceTree = "<group>"; };
		436691CD28FDE14200B729D8 /* SegmentedControl + Extension.swift */ = {isa = PBXFileReference; lastKnownFileType = sourcecode.swift; path = "SegmentedControl + Extension.swift"; sourceTree = "<group>"; };
		436691D528FDE1F600B729D8 /* ActiveChats.json */ = {isa = PBXFileReference; lastKnownFileType = text.json; path = ActiveChats.json; sourceTree = "<group>"; xcLanguageSpecificationIdentifier = xcode.lang.json; };
		436841EF28FDC97E00DE7600 /* Bundle-Decodable.swift */ = {isa = PBXFileReference; lastKnownFileType = sourcecode.swift; path = "Bundle-Decodable.swift"; sourceTree = "<group>"; };
		43689FAC290180F0008A6AC8 /* Validator.swift */ = {isa = PBXFileReference; lastKnownFileType = sourcecode.swift; path = Validator.swift; sourceTree = "<group>"; };
		43689FAE290181BB008A6AC8 /* AuthError.swift */ = {isa = PBXFileReference; lastKnownFileType = sourcecode.swift; path = AuthError.swift; sourceTree = "<group>"; };
		4372912728FDEAF900781327 /* WaitingChats.json */ = {isa = PBXFileReference; lastKnownFileType = text.json; path = WaitingChats.json; sourceTree = "<group>"; };
		4372912A28FDF92200781327 /* ActiveChatCell.swift */ = {isa = PBXFileReference; lastKnownFileType = sourcecode.swift; path = ActiveChatCell.swift; sourceTree = "<group>"; };
		4372912C28FDF92C00781327 /* WaitingChatCell.swift */ = {isa = PBXFileReference; lastKnownFileType = sourcecode.swift; path = WaitingChatCell.swift; sourceTree = "<group>"; };
		43974D0728F97F6A00A5C426 /* ListViewController.swift */ = {isa = PBXFileReference; lastKnownFileType = sourcecode.swift; path = ListViewController.swift; sourceTree = "<group>"; };
		43974D0A28F9842B00A5C426 /* PeopleViewController.swift */ = {isa = PBXFileReference; lastKnownFileType = sourcecode.swift; path = PeopleViewController.swift; sourceTree = "<group>"; };
		43974D0C28F9844400A5C426 /* MainTabBarController.swift */ = {isa = PBXFileReference; lastKnownFileType = sourcecode.swift; path = MainTabBarController.swift; sourceTree = "<group>"; };
		4397B88E2902E70200ADDD03 /* UserError.swift */ = {isa = PBXFileReference; lastKnownFileType = sourcecode.swift; path = UserError.swift; sourceTree = "<group>"; };
		43A008F12902B19200C7F563 /* FirestoreService.swift */ = {isa = PBXFileReference; lastKnownFileType = sourcecode.swift; path = FirestoreService.swift; sourceTree = "<group>"; };
		43D47F1D28F6EE2A006235B0 /* inSociety.app */ = {isa = PBXFileReference; explicitFileType = wrapper.application; includeInIndex = 0; path = inSociety.app; sourceTree = BUILT_PRODUCTS_DIR; };
		43D47F2028F6EE2A006235B0 /* AppDelegate.swift */ = {isa = PBXFileReference; lastKnownFileType = sourcecode.swift; path = AppDelegate.swift; sourceTree = "<group>"; };
		43D47F2228F6EE2A006235B0 /* SceneDelegate.swift */ = {isa = PBXFileReference; lastKnownFileType = sourcecode.swift; path = SceneDelegate.swift; sourceTree = "<group>"; };
		43D47F2428F6EE2A006235B0 /* AuthViewController.swift */ = {isa = PBXFileReference; lastKnownFileType = sourcecode.swift; path = AuthViewController.swift; sourceTree = "<group>"; };
		43D47F2928F6EE2C006235B0 /* Assets.xcassets */ = {isa = PBXFileReference; lastKnownFileType = folder.assetcatalog; path = Assets.xcassets; sourceTree = "<group>"; };
		43D47F2C28F6EE2C006235B0 /* Base */ = {isa = PBXFileReference; lastKnownFileType = file.storyboard; name = Base; path = Base.lproj/LaunchScreen.storyboard; sourceTree = "<group>"; };
		43D47F2E28F6EE2C006235B0 /* Info.plist */ = {isa = PBXFileReference; lastKnownFileType = text.plist.xml; path = Info.plist; sourceTree = "<group>"; };
		43D47FA028F73C7C006235B0 /* LabelButtonView.swift */ = {isa = PBXFileReference; lastKnownFileType = sourcecode.swift; path = LabelButtonView.swift; sourceTree = "<group>"; };
		43D81A4128FEC0EF00A006AC /* SelfConfigurigCell.swift */ = {isa = PBXFileReference; lastKnownFileType = sourcecode.swift; path = SelfConfigurigCell.swift; sourceTree = "<group>"; };
		43D81A4428FECD6500A006AC /* SectionHeader.swift */ = {isa = PBXFileReference; lastKnownFileType = sourcecode.swift; path = SectionHeader.swift; sourceTree = "<group>"; };
		43D81A4728FED81A00A006AC /* Users.json */ = {isa = PBXFileReference; lastKnownFileType = text.json; path = Users.json; sourceTree = "<group>"; };
		43D81A4928FED9FF00A006AC /* ActiveChatModel.swift */ = {isa = PBXFileReference; lastKnownFileType = sourcecode.swift; path = ActiveChatModel.swift; sourceTree = "<group>"; };
		43D81A4B28FEDA8300A006AC /* UserModel.swift */ = {isa = PBXFileReference; lastKnownFileType = sourcecode.swift; path = UserModel.swift; sourceTree = "<group>"; };
		43D81A4E28FEFA0800A006AC /* UserCell.swift */ = {isa = PBXFileReference; lastKnownFileType = sourcecode.swift; path = UserCell.swift; sourceTree = "<group>"; };
		43D81A5028FEFC1800A006AC /* UIViewController + Extension.swift */ = {isa = PBXFileReference; lastKnownFileType = sourcecode.swift; path = "UIViewController + Extension.swift"; sourceTree = "<group>"; };
		43D81A5228FF1B2800A006AC /* ProfileViewController.swift */ = {isa = PBXFileReference; lastKnownFileType = sourcecode.swift; path = ProfileViewController.swift; sourceTree = "<group>"; };
		43D81A5428FF270700A006AC /* SendMessageTextField.swift */ = {isa = PBXFileReference; lastKnownFileType = sourcecode.swift; path = SendMessageTextField.swift; sourceTree = "<group>"; };
		43D81A5628FF42B800A006AC /* ChatRequestViewController.swift */ = {isa = PBXFileReference; lastKnownFileType = sourcecode.swift; path = ChatRequestViewController.swift; sourceTree = "<group>"; };
		43DDF94128F8B45B007E2DF5 /* SetupProfileViewController.swift */ = {isa = PBXFileReference; lastKnownFileType = sourcecode.swift; path = SetupProfileViewController.swift; sourceTree = "<group>"; };
		43DDF94328F8BEA3007E2DF5 /* AddPhotoView.swift */ = {isa = PBXFileReference; lastKnownFileType = sourcecode.swift; path = AddPhotoView.swift; sourceTree = "<group>"; };
		43F2F22128F83A47004F6604 /* SignUpViewController.swift */ = {isa = PBXFileReference; lastKnownFileType = sourcecode.swift; path = SignUpViewController.swift; sourceTree = "<group>"; };
		43F2F22328F8459E004F6604 /* UnderlinedTextField.swift */ = {isa = PBXFileReference; lastKnownFileType = sourcecode.swift; path = UnderlinedTextField.swift; sourceTree = "<group>"; };
		43F2F22728F86C6A004F6604 /* LoginViewController.swift */ = {isa = PBXFileReference; lastKnownFileType = sourcecode.swift; path = LoginViewController.swift; sourceTree = "<group>"; };
		4546ABC711BB2700F3C844BF /* Pods-inSociety.release.xcconfig */ = {isa = PBXFileReference; includeInIndex = 1; lastKnownFileType = text.xcconfig; name = "Pods-inSociety.release.xcconfig"; path = "Target Support Files/Pods-inSociety/Pods-inSociety.release.xcconfig"; sourceTree = "<group>"; };
/* End PBXFileReference section */

/* Begin PBXFrameworksBuildPhase section */
		43D47F1A28F6EE2A006235B0 /* Frameworks */ = {
			isa = PBXFrameworksBuildPhase;
			buildActionMask = 2147483647;
			files = (
				F18F1C8DE70510430F23CC44 /* Pods_inSociety.framework in Frameworks */,
			);
			runOnlyForDeploymentPostprocessing = 0;
		};
/* End PBXFrameworksBuildPhase section */

/* Begin PBXGroup section */
		43112A5A2900214900E8345A /* Services */ = {
			isa = PBXGroup;
			children = (
				43D81A4D28FEDA8D00A006AC /* Models */,
				43112A5B2900215F00E8345A /* AuthService.swift */,
				43A008F12902B19200C7F563 /* FirestoreService.swift */,
			);
			path = Services;
			sourceTree = "<group>";
		};
		4372912928FDF90E00781327 /* Controllers */ = {
			isa = PBXGroup;
			children = (
				43974D0C28F9844400A5C426 /* MainTabBarController.swift */,
				43974D0728F97F6A00A5C426 /* ListViewController.swift */,
				43974D0A28F9842B00A5C426 /* PeopleViewController.swift */,
				43D81A5228FF1B2800A006AC /* ProfileViewController.swift */,
				43D81A5628FF42B800A006AC /* ChatRequestViewController.swift */,
				4372912E28FDF93300781327 /* Cell */,
				43D81A4628FED65000A006AC /* Header */,
			);
			path = Controllers;
			sourceTree = "<group>";
		};
		4372912E28FDF93300781327 /* Cell */ = {
			isa = PBXGroup;
			children = (
				4372912C28FDF92C00781327 /* WaitingChatCell.swift */,
				4372912A28FDF92200781327 /* ActiveChatCell.swift */,
				43D81A4E28FEFA0800A006AC /* UserCell.swift */,
			);
			path = Cell;
			sourceTree = "<group>";
		};
		43974D0928F9840B00A5C426 /* Auth&SignIn */ = {
			isa = PBXGroup;
			children = (
				43D47F2428F6EE2A006235B0 /* AuthViewController.swift */,
				43F2F22128F83A47004F6604 /* SignUpViewController.swift */,
				43F2F22728F86C6A004F6604 /* LoginViewController.swift */,
				43DDF94128F8B45B007E2DF5 /* SetupProfileViewController.swift */,
			);
			path = "Auth&SignIn";
			sourceTree = "<group>";
		};
		43A008F02902B11B00C7F563 /* Helpers */ = {
			isa = PBXGroup;
			children = (
				43689FAE290181BB008A6AC8 /* AuthError.swift */,
				4397B88E2902E70200ADDD03 /* UserError.swift */,
				43689FAC290180F0008A6AC8 /* Validator.swift */,
			);
			path = Helpers;
			sourceTree = "<group>";
		};
		43D47F1428F6EE2A006235B0 = {
			isa = PBXGroup;
			children = (
				43D47F1F28F6EE2A006235B0 /* inSociety */,
				43D47F1E28F6EE2A006235B0 /* Products */,
				7F138C85B851CDC30A0B3127 /* Pods */,
				74ACE0EC855E417806727D18 /* Frameworks */,
			);
			sourceTree = "<group>";
		};
		43D47F1E28F6EE2A006235B0 /* Products */ = {
			isa = PBXGroup;
			children = (
				43D47F1D28F6EE2A006235B0 /* inSociety.app */,
			);
			name = Products;
			sourceTree = "<group>";
		};
		43D47F1F28F6EE2A006235B0 /* inSociety */ = {
			isa = PBXGroup;
			children = (
				43D47F2028F6EE2A006235B0 /* AppDelegate.swift */,
				43D47F2228F6EE2A006235B0 /* SceneDelegate.swift */,
				43112A5A2900214900E8345A /* Services */,
				4372912928FDF90E00781327 /* Controllers */,
				43974D0928F9840B00A5C426 /* Auth&SignIn */,
				43D47F9F28F72365006235B0 /* Extensions */,
				43A008F02902B11B00C7F563 /* Helpers */,
				43D81A4328FEC0FE00A006AC /* Protocols */,
				43D47F2928F6EE2C006235B0 /* Assets.xcassets */,
				43D47F2B28F6EE2C006235B0 /* LaunchScreen.storyboard */,
				43112A582900165000E8345A /* GoogleService-Info.plist */,
				43D47F2E28F6EE2C006235B0 /* Info.plist */,
			);
			path = inSociety;
			sourceTree = "<group>";
		};
		43D47F9E28F72357006235B0 /* UIKit */ = {
			isa = PBXGroup;
			children = (
				436691CD28FDE14200B729D8 /* SegmentedControl + Extension.swift */,
				436691C828FDE14200B729D8 /* UIStackView + Extension.swift */,
				436691CA28FDE14200B729D8 /* UIButton + Extension.swift */,
				436691C728FDE14200B729D8 /* UIColor + Extension.swift */,
				436691C928FDE14200B729D8 /* UIFont + Extension.swift */,
				436691CC28FDE14200B729D8 /* UIImageView + Extension.swift */,
				436691CB28FDE14200B729D8 /* UILabel + Extension.swift */,
				43D81A5028FEFC1800A006AC /* UIViewController + Extension.swift */,
				43D81A5428FF270700A006AC /* SendMessageTextField.swift */,
				436691D528FDE1F600B729D8 /* ActiveChats.json */,
				4372912728FDEAF900781327 /* WaitingChats.json */,
				43D81A4728FED81A00A006AC /* Users.json */,
			);
			path = UIKit;
			sourceTree = "<group>";
		};
		43D47F9F28F72365006235B0 /* Extensions */ = {
			isa = PBXGroup;
			children = (
				43D47FA028F73C7C006235B0 /* LabelButtonView.swift */,
				43F2F22328F8459E004F6604 /* UnderlinedTextField.swift */,
				43DDF94328F8BEA3007E2DF5 /* AddPhotoView.swift */,
				436841EF28FDC97E00DE7600 /* Bundle-Decodable.swift */,
				43D47F9E28F72357006235B0 /* UIKit */,
			);
			path = Extensions;
			sourceTree = "<group>";
		};
		43D81A4328FEC0FE00A006AC /* Protocols */ = {
			isa = PBXGroup;
			children = (
				43D81A4128FEC0EF00A006AC /* SelfConfigurigCell.swift */,
				43112A5D29003D9300E8345A /* AuthNavigationDelegate.swift */,
			);
			path = Protocols;
			sourceTree = "<group>";
		};
		43D81A4628FED65000A006AC /* Header */ = {
			isa = PBXGroup;
			children = (
				43D81A4428FECD6500A006AC /* SectionHeader.swift */,
			);
			path = Header;
			sourceTree = "<group>";
		};
		43D81A4D28FEDA8D00A006AC /* Models */ = {
			isa = PBXGroup;
			children = (
				43D81A4928FED9FF00A006AC /* ActiveChatModel.swift */,
				43D81A4B28FEDA8300A006AC /* UserModel.swift */,
			);
			path = Models;
			sourceTree = "<group>";
		};
		74ACE0EC855E417806727D18 /* Frameworks */ = {
			isa = PBXGroup;
			children = (
				3F707CF683B7660DB9EADC3E /* Pods_inSociety.framework */,
			);
			name = Frameworks;
			sourceTree = "<group>";
		};
		7F138C85B851CDC30A0B3127 /* Pods */ = {
			isa = PBXGroup;
			children = (
				0E5BEB44D1453448328E080B /* Pods-inSociety.debug.xcconfig */,
				4546ABC711BB2700F3C844BF /* Pods-inSociety.release.xcconfig */,
			);
			path = Pods;
			sourceTree = "<group>";
		};
/* End PBXGroup section */

/* Begin PBXNativeTarget section */
		43D47F1C28F6EE2A006235B0 /* inSociety */ = {
			isa = PBXNativeTarget;
			buildConfigurationList = 43D47F3128F6EE2C006235B0 /* Build configuration list for PBXNativeTarget "inSociety" */;
			buildPhases = (
				16BB649CE4C5722439638FCC /* [CP] Check Pods Manifest.lock */,
				43D47F1928F6EE2A006235B0 /* Sources */,
				43D47F1A28F6EE2A006235B0 /* Frameworks */,
				43D47F1B28F6EE2A006235B0 /* Resources */,
				9D8978565E2F43E39804DABD /* [CP] Embed Pods Frameworks */,
			);
			buildRules = (
			);
			dependencies = (
			);
			name = inSociety;
			productName = inSociety;
			productReference = 43D47F1D28F6EE2A006235B0 /* inSociety.app */;
			productType = "com.apple.product-type.application";
		};
/* End PBXNativeTarget section */

/* Begin PBXProject section */
		43D47F1528F6EE2A006235B0 /* Project object */ = {
			isa = PBXProject;
			attributes = {
				BuildIndependentTargetsInParallel = 1;
				LastSwiftUpdateCheck = 1400;
				LastUpgradeCheck = 1400;
				TargetAttributes = {
					43D47F1C28F6EE2A006235B0 = {
						CreatedOnToolsVersion = 14.0.1;
					};
				};
			};
			buildConfigurationList = 43D47F1828F6EE2A006235B0 /* Build configuration list for PBXProject "inSociety" */;
			compatibilityVersion = "Xcode 14.0";
			developmentRegion = en;
			hasScannedForEncodings = 0;
			knownRegions = (
				en,
				Base,
			);
			mainGroup = 43D47F1428F6EE2A006235B0;
			productRefGroup = 43D47F1E28F6EE2A006235B0 /* Products */;
			projectDirPath = "";
			projectRoot = "";
			targets = (
				43D47F1C28F6EE2A006235B0 /* inSociety */,
			);
		};
/* End PBXProject section */

/* Begin PBXResourcesBuildPhase section */
		43D47F1B28F6EE2A006235B0 /* Resources */ = {
			isa = PBXResourcesBuildPhase;
			buildActionMask = 2147483647;
			files = (
				43D47F2D28F6EE2C006235B0 /* LaunchScreen.storyboard in Resources */,
				436691D628FDE1F600B729D8 /* ActiveChats.json in Resources */,
				4372912828FDEAF900781327 /* WaitingChats.json in Resources */,
				43D81A4828FED81A00A006AC /* Users.json in Resources */,
				43D47F2A28F6EE2C006235B0 /* Assets.xcassets in Resources */,
				43112A592900165000E8345A /* GoogleService-Info.plist in Resources */,
			);
			runOnlyForDeploymentPostprocessing = 0;
		};
/* End PBXResourcesBuildPhase section */

/* Begin PBXShellScriptBuildPhase section */
		16BB649CE4C5722439638FCC /* [CP] Check Pods Manifest.lock */ = {
			isa = PBXShellScriptBuildPhase;
			buildActionMask = 2147483647;
			files = (
			);
			inputFileListPaths = (
			);
			inputPaths = (
				"${PODS_PODFILE_DIR_PATH}/Podfile.lock",
				"${PODS_ROOT}/Manifest.lock",
			);
			name = "[CP] Check Pods Manifest.lock";
			outputFileListPaths = (
			);
			outputPaths = (
				"$(DERIVED_FILE_DIR)/Pods-inSociety-checkManifestLockResult.txt",
			);
			runOnlyForDeploymentPostprocessing = 0;
			shellPath = /bin/sh;
			shellScript = "diff \"${PODS_PODFILE_DIR_PATH}/Podfile.lock\" \"${PODS_ROOT}/Manifest.lock\" > /dev/null\nif [ $? != 0 ] ; then\n    # print error to STDERR\n    echo \"error: The sandbox is not in sync with the Podfile.lock. Run 'pod install' or update your CocoaPods installation.\" >&2\n    exit 1\nfi\n# This output is used by Xcode 'outputs' to avoid re-running this script phase.\necho \"SUCCESS\" > \"${SCRIPT_OUTPUT_FILE_0}\"\n";
			showEnvVarsInLog = 0;
		};
		9D8978565E2F43E39804DABD /* [CP] Embed Pods Frameworks */ = {
			isa = PBXShellScriptBuildPhase;
			buildActionMask = 2147483647;
			files = (
			);
			inputFileListPaths = (
				"${PODS_ROOT}/Target Support Files/Pods-inSociety/Pods-inSociety-frameworks-${CONFIGURATION}-input-files.xcfilelist",
			);
			name = "[CP] Embed Pods Frameworks";
			outputFileListPaths = (
				"${PODS_ROOT}/Target Support Files/Pods-inSociety/Pods-inSociety-frameworks-${CONFIGURATION}-output-files.xcfilelist",
			);
			runOnlyForDeploymentPostprocessing = 0;
			shellPath = /bin/sh;
			shellScript = "\"${PODS_ROOT}/Target Support Files/Pods-inSociety/Pods-inSociety-frameworks.sh\"\n";
			showEnvVarsInLog = 0;
		};
/* End PBXShellScriptBuildPhase section */

/* Begin PBXSourcesBuildPhase section */
		43D47F1928F6EE2A006235B0 /* Sources */ = {
			isa = PBXSourcesBuildPhase;
			buildActionMask = 2147483647;
			files = (
				436691D028FDE14200B729D8 /* UIFont + Extension.swift in Sources */,
				43974D0828F97F6A00A5C426 /* ListViewController.swift in Sources */,
				43D47F2528F6EE2A006235B0 /* AuthViewController.swift in Sources */,
				43D81A4A28FED9FF00A006AC /* ActiveChatModel.swift in Sources */,
				43D81A4228FEC0EF00A006AC /* SelfConfigurigCell.swift in Sources */,
				43D81A4F28FEFA0800A006AC /* UserCell.swift in Sources */,
				436691CE28FDE14200B729D8 /* UIImageView + Extension.swift in Sources */,
				4372912B28FDF92200781327 /* ActiveChatCell.swift in Sources */,
				43D47F2128F6EE2A006235B0 /* AppDelegate.swift in Sources */,
				436691D328FDE14200B729D8 /* UIStackView + Extension.swift in Sources */,
				43D81A5128FEFC1800A006AC /* UIViewController + Extension.swift in Sources */,
				43974D0B28F9842B00A5C426 /* PeopleViewController.swift in Sources */,
				43689FAD290180F0008A6AC8 /* Validator.swift in Sources */,
				436691D228FDE14200B729D8 /* UILabel + Extension.swift in Sources */,
				43D81A5328FF1B2800A006AC /* ProfileViewController.swift in Sources */,
				43DDF94228F8B45B007E2DF5 /* SetupProfileViewController.swift in Sources */,
				43112A5C2900215F00E8345A /* AuthService.swift in Sources */,
				43D81A5728FF42B800A006AC /* ChatRequestViewController.swift in Sources */,
				43D81A5528FF270700A006AC /* SendMessageTextField.swift in Sources */,
				43F2F22228F83A47004F6604 /* SignUpViewController.swift in Sources */,
				436691D428FDE14200B729D8 /* SegmentedControl + Extension.swift in Sources */,
				43DDF94428F8BEA3007E2DF5 /* AddPhotoView.swift in Sources */,
				43A008F22902B19200C7F563 /* FirestoreService.swift in Sources */,
				43112A5E29003D9300E8345A /* AuthNavigationDelegate.swift in Sources */,
				43D47FA128F73C7C006235B0 /* LabelButtonView.swift in Sources */,
				436691CF28FDE14200B729D8 /* UIColor + Extension.swift in Sources */,
				4372912D28FDF92C00781327 /* WaitingChatCell.swift in Sources */,
				43974D0D28F9844400A5C426 /* MainTabBarController.swift in Sources */,
				43D81A4C28FEDA8300A006AC /* UserModel.swift in Sources */,
				436841F028FDC97E00DE7600 /* Bundle-Decodable.swift in Sources */,
				43D47F2328F6EE2A006235B0 /* SceneDelegate.swift in Sources */,
				4397B88F2902E70200ADDD03 /* UserError.swift in Sources */,
				43D81A4528FECD6500A006AC /* SectionHeader.swift in Sources */,
				43F2F22828F86C6A004F6604 /* LoginViewController.swift in Sources */,
				436691D128FDE14200B729D8 /* UIButton + Extension.swift in Sources */,
				43F2F22428F8459E004F6604 /* UnderlinedTextField.swift in Sources */,
				43689FAF290181BB008A6AC8 /* AuthError.swift in Sources */,
			);
			runOnlyForDeploymentPostprocessing = 0;
		};
/* End PBXSourcesBuildPhase section */

/* Begin PBXVariantGroup section */
		43D47F2B28F6EE2C006235B0 /* LaunchScreen.storyboard */ = {
			isa = PBXVariantGroup;
			children = (
				43D47F2C28F6EE2C006235B0 /* Base */,
			);
			name = LaunchScreen.storyboard;
			sourceTree = "<group>";
		};
/* End PBXVariantGroup section */

/* Begin XCBuildConfiguration section */
		43D47F2F28F6EE2C006235B0 /* Debug */ = {
			isa = XCBuildConfiguration;
			buildSettings = {
				ALWAYS_SEARCH_USER_PATHS = NO;
				CLANG_ANALYZER_NONNULL = YES;
				CLANG_ANALYZER_NUMBER_OBJECT_CONVERSION = YES_AGGRESSIVE;
				CLANG_CXX_LANGUAGE_STANDARD = "gnu++20";
				CLANG_ENABLE_MODULES = YES;
				CLANG_ENABLE_OBJC_ARC = YES;
				CLANG_ENABLE_OBJC_WEAK = YES;
				CLANG_WARN_BLOCK_CAPTURE_AUTORELEASING = YES;
				CLANG_WARN_BOOL_CONVERSION = YES;
				CLANG_WARN_COMMA = YES;
				CLANG_WARN_CONSTANT_CONVERSION = YES;
				CLANG_WARN_DEPRECATED_OBJC_IMPLEMENTATIONS = YES;
				CLANG_WARN_DIRECT_OBJC_ISA_USAGE = YES_ERROR;
				CLANG_WARN_DOCUMENTATION_COMMENTS = YES;
				CLANG_WARN_EMPTY_BODY = YES;
				CLANG_WARN_ENUM_CONVERSION = YES;
				CLANG_WARN_INFINITE_RECURSION = YES;
				CLANG_WARN_INT_CONVERSION = YES;
				CLANG_WARN_NON_LITERAL_NULL_CONVERSION = YES;
				CLANG_WARN_OBJC_IMPLICIT_RETAIN_SELF = YES;
				CLANG_WARN_OBJC_LITERAL_CONVERSION = YES;
				CLANG_WARN_OBJC_ROOT_CLASS = YES_ERROR;
				CLANG_WARN_QUOTED_INCLUDE_IN_FRAMEWORK_HEADER = YES;
				CLANG_WARN_RANGE_LOOP_ANALYSIS = YES;
				CLANG_WARN_STRICT_PROTOTYPES = YES;
				CLANG_WARN_SUSPICIOUS_MOVE = YES;
				CLANG_WARN_UNGUARDED_AVAILABILITY = YES_AGGRESSIVE;
				CLANG_WARN_UNREACHABLE_CODE = YES;
				CLANG_WARN__DUPLICATE_METHOD_MATCH = YES;
				COPY_PHASE_STRIP = NO;
				DEBUG_INFORMATION_FORMAT = dwarf;
				ENABLE_STRICT_OBJC_MSGSEND = YES;
				ENABLE_TESTABILITY = YES;
				GCC_C_LANGUAGE_STANDARD = gnu11;
				GCC_DYNAMIC_NO_PIC = NO;
				GCC_NO_COMMON_BLOCKS = YES;
				GCC_OPTIMIZATION_LEVEL = 0;
				GCC_PREPROCESSOR_DEFINITIONS = (
					"DEBUG=1",
					"$(inherited)",
				);
				GCC_WARN_64_TO_32_BIT_CONVERSION = YES;
				GCC_WARN_ABOUT_RETURN_TYPE = YES_ERROR;
				GCC_WARN_UNDECLARED_SELECTOR = YES;
				GCC_WARN_UNINITIALIZED_AUTOS = YES_AGGRESSIVE;
				GCC_WARN_UNUSED_FUNCTION = YES;
				GCC_WARN_UNUSED_VARIABLE = YES;
				IPHONEOS_DEPLOYMENT_TARGET = 16.0;
				MTL_ENABLE_DEBUG_INFO = INCLUDE_SOURCE;
				MTL_FAST_MATH = YES;
				ONLY_ACTIVE_ARCH = YES;
				SDKROOT = iphoneos;
				SWIFT_ACTIVE_COMPILATION_CONDITIONS = DEBUG;
				SWIFT_OPTIMIZATION_LEVEL = "-Onone";
			};
			name = Debug;
		};
		43D47F3028F6EE2C006235B0 /* Release */ = {
			isa = XCBuildConfiguration;
			buildSettings = {
				ALWAYS_SEARCH_USER_PATHS = NO;
				CLANG_ANALYZER_NONNULL = YES;
				CLANG_ANALYZER_NUMBER_OBJECT_CONVERSION = YES_AGGRESSIVE;
				CLANG_CXX_LANGUAGE_STANDARD = "gnu++20";
				CLANG_ENABLE_MODULES = YES;
				CLANG_ENABLE_OBJC_ARC = YES;
				CLANG_ENABLE_OBJC_WEAK = YES;
				CLANG_WARN_BLOCK_CAPTURE_AUTORELEASING = YES;
				CLANG_WARN_BOOL_CONVERSION = YES;
				CLANG_WARN_COMMA = YES;
				CLANG_WARN_CONSTANT_CONVERSION = YES;
				CLANG_WARN_DEPRECATED_OBJC_IMPLEMENTATIONS = YES;
				CLANG_WARN_DIRECT_OBJC_ISA_USAGE = YES_ERROR;
				CLANG_WARN_DOCUMENTATION_COMMENTS = YES;
				CLANG_WARN_EMPTY_BODY = YES;
				CLANG_WARN_ENUM_CONVERSION = YES;
				CLANG_WARN_INFINITE_RECURSION = YES;
				CLANG_WARN_INT_CONVERSION = YES;
				CLANG_WARN_NON_LITERAL_NULL_CONVERSION = YES;
				CLANG_WARN_OBJC_IMPLICIT_RETAIN_SELF = YES;
				CLANG_WARN_OBJC_LITERAL_CONVERSION = YES;
				CLANG_WARN_OBJC_ROOT_CLASS = YES_ERROR;
				CLANG_WARN_QUOTED_INCLUDE_IN_FRAMEWORK_HEADER = YES;
				CLANG_WARN_RANGE_LOOP_ANALYSIS = YES;
				CLANG_WARN_STRICT_PROTOTYPES = YES;
				CLANG_WARN_SUSPICIOUS_MOVE = YES;
				CLANG_WARN_UNGUARDED_AVAILABILITY = YES_AGGRESSIVE;
				CLANG_WARN_UNREACHABLE_CODE = YES;
				CLANG_WARN__DUPLICATE_METHOD_MATCH = YES;
				COPY_PHASE_STRIP = NO;
				DEBUG_INFORMATION_FORMAT = "dwarf-with-dsym";
				ENABLE_NS_ASSERTIONS = NO;
				ENABLE_STRICT_OBJC_MSGSEND = YES;
				GCC_C_LANGUAGE_STANDARD = gnu11;
				GCC_NO_COMMON_BLOCKS = YES;
				GCC_WARN_64_TO_32_BIT_CONVERSION = YES;
				GCC_WARN_ABOUT_RETURN_TYPE = YES_ERROR;
				GCC_WARN_UNDECLARED_SELECTOR = YES;
				GCC_WARN_UNINITIALIZED_AUTOS = YES_AGGRESSIVE;
				GCC_WARN_UNUSED_FUNCTION = YES;
				GCC_WARN_UNUSED_VARIABLE = YES;
				IPHONEOS_DEPLOYMENT_TARGET = 16.0;
				MTL_ENABLE_DEBUG_INFO = NO;
				MTL_FAST_MATH = YES;
				SDKROOT = iphoneos;
				SWIFT_COMPILATION_MODE = wholemodule;
				SWIFT_OPTIMIZATION_LEVEL = "-O";
				VALIDATE_PRODUCT = YES;
			};
			name = Release;
		};
		43D47F3228F6EE2C006235B0 /* Debug */ = {
			isa = XCBuildConfiguration;
			baseConfigurationReference = 0E5BEB44D1453448328E080B /* Pods-inSociety.debug.xcconfig */;
			buildSettings = {
				ASSETCATALOG_COMPILER_APPICON_NAME = AppIcon;
				ASSETCATALOG_COMPILER_GLOBAL_ACCENT_COLOR_NAME = AccentColor;
				CODE_SIGN_STYLE = Automatic;
				CURRENT_PROJECT_VERSION = 1;
				DEVELOPMENT_TEAM = 8D62X6RVHH;
				GENERATE_INFOPLIST_FILE = YES;
				INFOPLIST_FILE = inSociety/Info.plist;
				INFOPLIST_KEY_UIApplicationSupportsIndirectInputEvents = YES;
				INFOPLIST_KEY_UILaunchStoryboardName = LaunchScreen;
				INFOPLIST_KEY_UISupportedInterfaceOrientations_iPad = "UIInterfaceOrientationPortrait UIInterfaceOrientationPortraitUpsideDown UIInterfaceOrientationLandscapeLeft UIInterfaceOrientationLandscapeRight";
				INFOPLIST_KEY_UISupportedInterfaceOrientations_iPhone = "UIInterfaceOrientationPortrait UIInterfaceOrientationLandscapeLeft UIInterfaceOrientationLandscapeRight";
				IPHONEOS_DEPLOYMENT_TARGET = 16.0;
				LD_RUNPATH_SEARCH_PATHS = (
					"$(inherited)",
					"@executable_path/Frameworks",
				);
				MARKETING_VERSION = 1.0;
				PRODUCT_BUNDLE_IDENTIFIER = "aleksey-libin.inSociety";
				PRODUCT_NAME = "$(TARGET_NAME)";
				SUPPORTED_PLATFORMS = "iphoneos iphonesimulator";
				SUPPORTS_MACCATALYST = NO;
				SUPPORTS_MAC_DESIGNED_FOR_IPHONE_IPAD = NO;
				SWIFT_EMIT_LOC_STRINGS = YES;
				SWIFT_VERSION = 5.0;
				TARGETED_DEVICE_FAMILY = 1;
			};
			name = Debug;
		};
		43D47F3328F6EE2C006235B0 /* Release */ = {
			isa = XCBuildConfiguration;
			baseConfigurationReference = 4546ABC711BB2700F3C844BF /* Pods-inSociety.release.xcconfig */;
			buildSettings = {
				ASSETCATALOG_COMPILER_APPICON_NAME = AppIcon;
				ASSETCATALOG_COMPILER_GLOBAL_ACCENT_COLOR_NAME = AccentColor;
				CODE_SIGN_STYLE = Automatic;
				CURRENT_PROJECT_VERSION = 1;
				DEVELOPMENT_TEAM = 8D62X6RVHH;
				GENERATE_INFOPLIST_FILE = YES;
				INFOPLIST_FILE = inSociety/Info.plist;
				INFOPLIST_KEY_UIApplicationSupportsIndirectInputEvents = YES;
				INFOPLIST_KEY_UILaunchStoryboardName = LaunchScreen;
				INFOPLIST_KEY_UISupportedInterfaceOrientations_iPad = "UIInterfaceOrientationPortrait UIInterfaceOrientationPortraitUpsideDown UIInterfaceOrientationLandscapeLeft UIInterfaceOrientationLandscapeRight";
				INFOPLIST_KEY_UISupportedInterfaceOrientations_iPhone = "UIInterfaceOrientationPortrait UIInterfaceOrientationLandscapeLeft UIInterfaceOrientationLandscapeRight";
				IPHONEOS_DEPLOYMENT_TARGET = 16.0;
				LD_RUNPATH_SEARCH_PATHS = (
					"$(inherited)",
					"@executable_path/Frameworks",
				);
				MARKETING_VERSION = 1.0;
				PRODUCT_BUNDLE_IDENTIFIER = "aleksey-libin.inSociety";
				PRODUCT_NAME = "$(TARGET_NAME)";
				SUPPORTED_PLATFORMS = "iphoneos iphonesimulator";
				SUPPORTS_MACCATALYST = NO;
				SUPPORTS_MAC_DESIGNED_FOR_IPHONE_IPAD = NO;
				SWIFT_EMIT_LOC_STRINGS = YES;
				SWIFT_VERSION = 5.0;
				TARGETED_DEVICE_FAMILY = 1;
			};
			name = Release;
		};
/* End XCBuildConfiguration section */

/* Begin XCConfigurationList section */
		43D47F1828F6EE2A006235B0 /* Build configuration list for PBXProject "inSociety" */ = {
			isa = XCConfigurationList;
			buildConfigurations = (
				43D47F2F28F6EE2C006235B0 /* Debug */,
				43D47F3028F6EE2C006235B0 /* Release */,
			);
			defaultConfigurationIsVisible = 0;
			defaultConfigurationName = Release;
		};
		43D47F3128F6EE2C006235B0 /* Build configuration list for PBXNativeTarget "inSociety" */ = {
			isa = XCConfigurationList;
			buildConfigurations = (
				43D47F3228F6EE2C006235B0 /* Debug */,
				43D47F3328F6EE2C006235B0 /* Release */,
			);
			defaultConfigurationIsVisible = 0;
			defaultConfigurationName = Release;
		};
/* End XCConfigurationList section */
	};
	rootObject = 43D47F1528F6EE2A006235B0 /* Project object */;
}
